
Microsoft Visual Studio Solution File, Format Version 12.00
# Visual Studio 15
VisualStudioVersion = 15.0.28307.271
MinimumVisualStudioVersion = 10.0.40219.1
Project("{9A19103F-16F7-4668-BE54-9A1E7A4F7556}") = "Assignment2Data", "Assignment2Data\Assignment2Data.csproj", "{E32ED771-1694-41ED-9C4B-8E8C1DFBD64A}"
EndProject
Project("{9A19103F-16F7-4668-BE54-9A1E7A4F7556}") = "Assignment2Test", "Assignment2Test\Assignment2Test.csproj", "{FDF3532A-5865-4162-AD15-0514B701DD1F}"
EndProject
Project("{FAE04EC0-301F-11D3-BF4B-00C04F79EFBC}") = "Assignment2WebMVC", "Assignment2WebMVC\Assignment2WebMVC.csproj", "{3B0C7200-10E7-4A5C-B036-A0FB0697923D}"
EndProject
Global
	GlobalSection(SolutionConfigurationPlatforms) = preSolution
		Debug|Any CPU = Debug|Any CPU
		Release|Any CPU = Release|Any CPU
	EndGlobalSection
	GlobalSection(ProjectConfigurationPlatforms) = postSolution
		{E32ED771-1694-41ED-9C4B-8E8C1DFBD64A}.Debug|Any CPU.ActiveCfg = Debug|Any CPU
		{E32ED771-1694-41ED-9C4B-8E8C1DFBD64A}.Debug|Any CPU.Build.0 = Debug|Any CPU
		{E32ED771-1694-41ED-9C4B-8E8C1DFBD64A}.Release|Any CPU.ActiveCfg = Release|Any CPU
		{E32ED771-1694-41ED-9C4B-8E8C1DFBD64A}.Release|Any CPU.Build.0 = Release|Any CPU
		{FDF3532A-5865-4162-AD15-0514B701DD1F}.Debug|Any CPU.ActiveCfg = Debug|Any CPU
		{FDF3532A-5865-4162-AD15-0514B701DD1F}.Debug|Any CPU.Build.0 = Debug|Any CPU
		{FDF3532A-5865-4162-AD15-0514B701DD1F}.Release|Any CPU.ActiveCfg = Release|Any CPU
		{FDF3532A-5865-4162-AD15-0514B701DD1F}.Release|Any CPU.Build.0 = Release|Any CPU
		{3B0C7200-10E7-4A5C-B036-A0FB0697923D}.Debug|Any CPU.ActiveCfg = Debug|Any CPU
		{3B0C7200-10E7-4A5C-B036-A0FB0697923D}.Debug|Any CPU.Build.0 = Debug|Any CPU
		{3B0C7200-10E7-4A5C-B036-A0FB0697923D}.Release|Any CPU.ActiveCfg = Release|Any CPU
		{3B0C7200-10E7-4A5C-B036-A0FB0697923D}.Release|Any CPU.Build.0 = Release|Any CPU
	EndGlobalSection
	GlobalSection(SolutionProperties) = preSolution
		HideSolutionNode = FALSE
	EndGlobalSection
	GlobalSection(ExtensibilityGlobals) = postSolution
		SolutionGuid = {714CCED0-67F6-487E-92CF-A287BAF5ED1C}
	EndGlobalSection
EndGlobal
